
Microsoft Visual Studio Solution File, Format Version 12.00
# Visual Studio Version 16
VisualStudioVersion = 16.0.30225.117
MinimumVisualStudioVersion = 10.0.40219.1
Project("{FAE04EC0-301F-11D3-BF4B-00C04F79EFBC}") = "WpfBasic", "WpfBasic\WpfBasic.csproj", "{6A5F2480-7C8C-45D5-8E73-45E3BD9890D2}"
EndProject
Global
	GlobalSection(SolutionConfigurationPlatforms) = preSolution
		Debug|Any CPU = Debug|Any CPU
		Release|Any CPU = Release|Any CPU
	EndGlobalSection
	GlobalSection(ProjectConfigurationPlatforms) = postSolution
		{6A5F2480-7C8C-45D5-8E73-45E3BD9890D2}.Debug|Any CPU.ActiveCfg = Debug|Any CPU
		{6A5F2480-7C8C-45D5-8E73-45E3BD9890D2}.Debug|Any CPU.Build.0 = Debug|Any CPU
		{6A5F2480-7C8C-45D5-8E73-45E3BD9890D2}.Release|Any CPU.ActiveCfg = Release|Any CPU
		{6A5F2480-7C8C-45D5-8E73-45E3BD9890D2}.Release|Any CPU.Build.0 = Release|Any CPU
	EndGlobalSection
	GlobalSection(SolutionProperties) = preSolution
		HideSolutionNode = FALSE
	EndGlobalSection
	GlobalSection(ExtensibilityGlobals) = postSolution
		SolutionGuid = {8027C9C2-C269-46A1-89D4-5020D2F45C8C}
	EndGlobalSection
EndGlobal
